lockfileVersion: '9.0'

settings:
  autoInstallPeers: true
  excludeLinksFromLockfile: false

importers:

  .:
    devDependencies:
      '@types/node':
        specifier: ^20.0.0
        version: 20.19.37
      turbo:
        specifier: ^2.0.0
        version: 2.8.16
      typescript:
        specifier: ^5.4.0
        version: 5.9.3

packages:

  '@types/node@20.19.37':
    resolution: {integrity: sha512-8kzdPJ3FsNsVIurqBs7oodNnCEVbni9yUEkaHbgptDACOPW04jimGagZ51E6+lXUwJjgnBw+hyko/lkFWCldqw==}

  turbo-darwin-64@2.8.16:
    resolution: {integrity: sha512-KWa4hUMWrpADC6Q/wIHRkBLw6X6MV9nx6X7hSXbTrrMz0KdaKhmfudUZ3sS76bJFmgArBU25cSc0AUyyrswYxg==}
    cpu: [x64]
    os: [darwin]

  turbo-darwin-arm64@2.8.16:
    resolution: {integrity: sha512-NBgaqBDLQSZlJR4D5XCkQq6noaO0RvIgwm5eYFJYL3bH5dNu8o0UBpq7C5DYnQI8+ybyoHFjT5/icN4LeUYLow==}
    cpu: [arm64]
    os: [darwin]

  turbo-linux-64@2.8.16:
    resolution: {integrity: sha512-VYPdcCRevI9kR/hr1H1xwXy7QQt/jNKiim1e1mjANBXD2E9VZWMkIL74J1Huad5MbU3/jw7voHOqDPLJPC2p6w==}
    cpu: [x64]
    os: [linux]

  turbo-linux-arm64@2.8.16:
    resolution: {integrity: sha512-beq8tgUVI3uwkQkXJMiOr/hfxQRw54M3elpBwqgYFfemiK5LhCjjcwO0DkE8GZZfElBIlk+saMAQOZy3885wNQ==}
    cpu: [arm64]
    os: [linux]

  turbo-windows-64@2.8.16:
    resolution: {integrity: sha512-Ig7b46iUgiOIkea/D3Z7H+zNzvzSnIJcLYFpZLA0RxbUTrbLhv9qIPwv3pT9p/abmu0LXVKHxaOo+p26SuDhzw==}
    cpu: [x64]
    os: [win32]

  turbo-windows-arm64@2.8.16:
    resolution: {integrity: sha512-fOWjbEA2PiE2HEnFQrwNZKYEdjewyPc2no9GmrXklZnTCuMsxeCN39aVlKpKpim03Zq/ykIuvApGwq8ZbfS2Yw==}
    cpu: [arm64]
    os: [win32]

  turbo@2.8.16:
    resolution: {integrity: sha512-u6e9e3cTTpE2adQ1DYm3A3r8y3LAONEx1jYvJx6eIgSY4bMLxIxs0riWzI0Z/IK903ikiUzRPZ2c1Ph5lVLkhA==}
    hasBin: true

  typescript@5.9.3:
    resolution: {integrity: sha512-jl1vZzPDinLr9eUt3J/t7V6FgNEw9QjvBPdysz9KfQDD41fQrC2Y4vKQdiaUpFT4bXlb1RHhLpp8wtm6M5TgSw==}
    engines: {node: '>=14.17'}
    hasBin: true

  undici-types@6.21.0:
    resolution: {integrity: sha512-iwDZqg0QAGrg9Rav5H4n0M64c3mkR59cJ6wQp+7C4nI0gsmExaedaYLNO44eT4AtBBwjbTiGPMlt2Md0T9H9JQ==}

snapshots:

  '@types/node@20.19.37':
    dependencies:
      undici-types: 6.21.0

  turbo-darwin-64@2.8.16:
    optional: true

  turbo-darwin-arm64@2.8.16:
    optional: true

  turbo-linux-64@2.8.16:
    optional: true

  turbo-linux-arm64@2.8.16:
    optional: true

  turbo-windows-64@2.8.16:
    optional: true

  turbo-windows-arm64@2.8.16:
    optional: true

  turbo@2.8.16:
    optionalDependencies:
      turbo-darwin-64: 2.8.16
      turbo-darwin-arm64: 2.8.16
      turbo-linux-64: 2.8.16
      turbo-linux-arm64: 2.8.16
      turbo-windows-64: 2.8.16
      turbo-windows-arm64: 2.8.16

  typescript@5.9.3: {}

  undici-types@6.21.0: {}
